// !$*UTF8*$!
{
	archiveVersion = 1;
	classes = {
	};
	objectVersion = 50;
	objects = {

/* Begin PBXBuildFile section */
		A0457DBF24931ABC00DA0F61 /* PCManager.m in Sources */ = {isa = PBXBuildFile; fileRef = A0457DBE24931ABC00DA0F61 /* PCManager.m */; };
		A0DEAD762121714D0050EC0B /* AppDelegate.m in Sources */ = {isa = PBXBuildFile; fileRef = A0DEAD752121714D0050EC0B /* AppDelegate.m */; };
		A0DEAD792121714D0050EC0B /* ViewController.m in Sources */ = {isa = PBXBuildFile; fileRef = A0DEAD782121714D0050EC0B /* ViewController.m */; };
		A0DEAD7C2121714D0050EC0B /* Main.storyboard in Resources */ = {isa = PBXBuildFile; fileRef = A0DEAD7A2121714D0050EC0B /* Main.storyboard */; };
		A0DEAD7E2121714F0050EC0B /* Assets.xcassets in Resources */ = {isa = PBXBuildFile; fileRef = A0DEAD7D2121714F0050EC0B /* Assets.xcassets */; };
		A0DEAD812121714F0050EC0B /* LaunchScreen.storyboard in Resources */ = {isa = PBXBuildFile; fileRef = A0DEAD7F2121714F0050EC0B /* LaunchScreen.storyboard */; };
		A0DEAD842121714F0050EC0B /* main.m in Sources */ = {isa = PBXBuildFile; fileRef = A0DEAD832121714F0050EC0B /* main.m */; };
/* End PBXBuildFile section */

/* Begin PBXFileReference section */
		A0457DBD24931ABC00DA0F61 /* PCManager.h */ = {isa = PBXFileReference; lastKnownFileType = sourcecode.c.h; path = PCManager.h; sourceTree = "<group>"; };
		A0457DBE24931ABC00DA0F61 /* PCManager.m */ = {isa = PBXFileReference; lastKnownFileType = sourcecode.c.objc; path = PCManager.m; sourceTree = "<group>"; };
		A0DEAD712121714D0050EC0B /* YKW.app */ = {isa = PBXFileReference; explicitFileType = wrapper.application; includeInIndex = 0; path = YKW.app; sourceTree = BUILT_PRODUCTS_DIR; };
		A0DEAD742121714D0050EC0B /* AppDelegate.h */ = {isa = PBXFileReference; lastKnownFileType = sourcecode.c.h; path = AppDelegate.h; sourceTree = "<group>"; };
		A0DEAD752121714D0050EC0B /* AppDelegate.m */ = {isa = PBXFileReference; lastKnownFileType = sourcecode.c.objc; path = AppDelegate.m; sourceTree = "<group>"; };
		A0DEAD772121714D0050EC0B /* ViewController.h */ = {isa = PBXFileReference; lastKnownFileType = sourcecode.c.h; path = ViewController.h; sourceTree = "<group>"; };
		A0DEAD782121714D0050EC0B /* ViewController.m */ = {isa = PBXFileReference; lastKnownFileType = sourcecode.c.objc; path = ViewController.m; sourceTree = "<group>"; };
		A0DEAD7B2121714D0050EC0B /* Base */ = {isa = PBXFileReference; lastKnownFileType = file.storyboard; name = Base; path = Base.lproj/Main.storyboard; sourceTree = "<group>"; };
		A0DEAD7D2121714F0050EC0B /* Assets.xcassets */ = {isa = PBXFileReference; lastKnownFileType = folder.assetcatalog; path = Assets.xcassets; sourceTree = "<group>"; };
		A0DEAD802121714F0050EC0B /* Base */ = {isa = PBXFileReference; lastKnownFileType = file.storyboard; name = Base; path = Base.lproj/LaunchScreen.storyboard; sourceTree = "<group>"; };
		A0DEAD822121714F0050EC0B /* Info.plist */ = {isa = PBXFileReference; lastKnownFileType = text.plist.xml; path = Info.plist; sourceTree = "<group>"; };
		A0DEAD832121714F0050EC0B /* main.m */ = {isa = PBXFileReference; lastKnownFileType = sourcecode.c.objc; path = main.m; sourceTree = "<group>"; };
/* End PBXFileReference section */

/* Begin PBXFrameworksBuildPhase section */
		A0DEAD6E2121714D0050EC0B /* Frameworks */ = {
			isa = PBXFrameworksBuildPhase;
			buildActionMask = 2147483647;
			files = (
			);
			runOnlyForDeploymentPostprocessing = 0;
		};
/* End PBXFrameworksBuildPhase section */

/* Begin PBXGroup section */
		A0457DBC24931A8500DA0F61 /* PC */ = {
			isa = PBXGroup;
			children = (
				A0457DBD24931ABC00DA0F61 /* PCManager.h */,
				A0457DBE24931ABC00DA0F61 /* PCManager.m */,
			);
			path = PC;
			sourceTree = "<group>";
		};
		A0DEAD682121714D0050EC0B = {
			isa = PBXGroup;
			children = (
				A0DEAD732121714D0050EC0B /* YKW */,
				A0DEAD722121714D0050EC0B /* Products */,
			);
			sourceTree = "<group>";
		};
		A0DEAD722121714D0050EC0B /* Products */ = {
			isa = PBXGroup;
			children = (
				A0DEAD712121714D0050EC0B /* YKW.app */,
			);
			name = Products;
			sourceTree = "<group>";
		};
		A0DEAD732121714D0050EC0B /* YKW */ = {
			isa = PBXGroup;
			children = (
				A0457DBC24931A8500DA0F61 /* PC */,
				A0DEAD742121714D0050EC0B /* AppDelegate.h */,
				A0DEAD752121714D0050EC0B /* AppDelegate.m */,
				A0DEAD772121714D0050EC0B /* ViewController.h */,
				A0DEAD782121714D0050EC0B /* ViewController.m */,
				A0DEAD7A2121714D0050EC0B /* Main.storyboard */,
				A0DEAD7D2121714F0050EC0B /* Assets.xcassets */,
				A0DEAD7F2121714F0050EC0B /* LaunchScreen.storyboard */,
				A0DEAD822121714F0050EC0B /* Info.plist */,
				A0DEAD832121714F0050EC0B /* main.m */,
			);
			path = YKW;
			sourceTree = "<group>";
		};
/* End PBXGroup section */

/* Begin PBXNativeTarget section */
		A0DEAD702121714D0050EC0B /* YKW */ = {
			isa = PBXNativeTarget;
			buildConfigurationList = A0DEAD872121714F0050EC0B /* Build configuration list for PBXNativeTarget "YKW" */;
			buildPhases = (
				A0DEAD6D2121714D0050EC0B /* Sources */,
				A0DEAD6E2121714D0050EC0B /* Frameworks */,
				A0DEAD6F2121714D0050EC0B /* Resources */,
			);
			buildRules = (
			);
			dependencies = (
			);
			name = YKW;
			productName = YKW;
			productReference = A0DEAD712121714D0050EC0B /* YKW.app */;
			productType = "com.apple.product-type.application";
		};
/* End PBXNativeTarget section */

/* Begin PBXProject section */
		A0DEAD692121714D0050EC0B /* Project object */ = {
			isa = PBXProject;
			attributes = {
				LastUpgradeCheck = 0940;
				ORGANIZATIONNAME = YouKnowWho;
				TargetAttributes = {
					A0DEAD702121714D0050EC0B = {
						CreatedOnToolsVersion = 9.4.1;
					};
				};
			};
			buildConfigurationList = A0DEAD6C2121714D0050EC0B /* Build configuration list for PBXProject "YKW" */;
			compatibilityVersion = "Xcode 9.3";
			developmentRegion = en;
			hasScannedForEncodings = 0;
			knownRegions = (
				en,
				Base,
			);
			mainGroup = A0DEAD682121714D0050EC0B;
			productRefGroup = A0DEAD722121714D0050EC0B /* Products */;
			projectDirPath = "";
			projectRoot = "";
			targets = (
				A0DEAD702121714D0050EC0B /* YKW */,
			);
		};
/* End PBXProject section */

/* Begin PBXResourcesBuildPhase section */
		A0DEAD6F2121714D0050EC0B /* Resources */ = {
			isa = PBXResourcesBuildPhase;
			buildActionMask = 2147483647;
			files = (
				A0DEAD812121714F0050EC0B /* LaunchScreen.storyboard in Resources */,
				A0DEAD7E2121714F0050EC0B /* Assets.xcassets in Resources */,
				A0DEAD7C2121714D0050EC0B /* Main.storyboard in Resources */,
			);
			runOnlyForDeploymentPostprocessing = 0;
		};
/* End PBXResourcesBuildPhase section */

/* Begin PBXSourcesBuildPhase section */
		A0DEAD6D2121714D0050EC0B /* Sources */ = {
			isa = PBXSourcesBuildPhase;
			buildActionMask = 2147483647;
			files = (
				A0457DBF24931ABC00DA0F61 /* PCManager.m in Sources */,
				A0DEAD792121714D0050EC0B /* ViewController.m in Sources */,
				A0DEAD842121714F0050EC0B /* main.m in Sources */,
				A0DEAD762121714D0050EC0B /* AppDelegate.m in Sources */,
			);
			runOnlyForDeploymentPostprocessing = 0;
		};
/* End PBXSourcesBuildPhase section */

/* Begin PBXVariantGroup section */
		A0DEAD7A2121714D0050EC0B /* Main.storyboard */ = {
			isa = PBXVariantGroup;
			children = (
				A0DEAD7B2121714D0050EC0B /* Base */,
			);
			name = Main.storyboard;
			sourceTree = "<group>";
		};
		A0DEAD7F2121714F0050EC0B /* LaunchScreen.storyboard */ = {
			isa = PBXVariantGroup;
			children = (
				A0DEAD802121714F0050EC0B /* Base */,
			);
			name = LaunchScreen.storyboard;
			sourceTree = "<group>";
		};
/* End PBXVariantGroup section */

/* Begin XCBuildConfiguration section */
		A0DEAD852121714F0050EC0B /* Debug */ = {
			isa = XCBuildConfiguration;
			buildSettings = {
				ALWAYS_SEARCH_USER_PATHS = NO;
				CLANG_ANALYZER_NONNULL = YES;
				CLANG_ANALYZER_NUMBER_OBJECT_CONVERSION = YES_AGGRESSIVE;
				CLANG_CXX_LANGUAGE_STANDARD = "gnu++14";
				CLANG_CXX_LIBRARY = "libc++";
				CLANG_ENABLE_MODULES = YES;
				CLANG_ENABLE_OBJC_ARC = YES;
				CLANG_ENABLE_OBJC_WEAK = YES;
				CLANG_WARN_BLOCK_CAPTURE_AUTORELEASING = YES;
				CLANG_WARN_BOOL_CONVERSION = YES;
				CLANG_WARN_COMMA = YES;
				CLANG_WARN_CONSTANT_CONVERSION = YES;
				CLANG_WARN_DEPRECATED_OBJC_IMPLEMENTATIONS = YES;
				CLANG_WARN_DIRECT_OBJC_ISA_USAGE = YES_ERROR;
				CLANG_WARN_DOCUMENTATION_COMMENTS = YES;
				CLANG_WARN_EMPTY_BODY = YES;
				CLANG_WARN_ENUM_CONVERSION = YES;
				CLANG_WARN_INFINITE_RECURSION = YES;
				CLANG_WARN_INT_CONVERSION = YES;
				CLANG_WARN_NON_LITERAL_NULL_CONVERSION = YES;
				CLANG_WARN_OBJC_IMPLICIT_RETAIN_SELF = YES;
				CLANG_WARN_OBJC_LITERAL_CONVERSION = YES;
				CLANG_WARN_OBJC_ROOT_CLASS = YES_ERROR;
				CLANG_WARN_RANGE_LOOP_ANALYSIS = YES;
				CLANG_WARN_STRICT_PROTOTYPES = YES;
				CLANG_WARN_SUSPICIOUS_MOVE = YES;
				CLANG_WARN_UNGUARDED_AVAILABILITY = YES_AGGRESSIVE;
				CLANG_WARN_UNREACHABLE_CODE = YES;
				CLANG_WARN__DUPLICATE_METHOD_MATCH = YES;
				CODE_SIGN_IDENTITY = "iPhone Developer";
				COPY_PHASE_STRIP = NO;
				DEBUG_INFORMATION_FORMAT = dwarf;
				ENABLE_STRICT_OBJC_MSGSEND = YES;
				ENABLE_TESTABILITY = YES;
				GCC_C_LANGUAGE_STANDARD = gnu11;
				GCC_DYNAMIC_NO_PIC = NO;
				GCC_NO_COMMON_BLOCKS = YES;
				GCC_OPTIMIZATION_LEVEL = 0;
				GCC_PREPROCESSOR_DEFINITIONS = (
					"DEBUG=1",
					"$(inherited)",
				);
				GCC_WARN_64_TO_32_BIT_CONVERSION = YES;
				GCC_WARN_ABOUT_RETURN_TYPE = YES_ERROR;
				GCC_WARN_UNDECLARED_SELECTOR = YES;
				GCC_WARN_UNINITIALIZED_AUTOS = YES_AGGRESSIVE;
				GCC_WARN_UNUSED_FUNCTION = YES;
				GCC_WARN_UNUSED_VARIABLE = YES;
				IPHONEOS_DEPLOYMENT_TARGET = 11.4;
				MTL_ENABLE_DEBUG_INFO = YES;
				ONLY_ACTIVE_ARCH = YES;
				SDKROOT = iphoneos;
			};
			name = Debug;
		};
		A0DEAD862121714F0050EC0B /* Release */ = {
			isa = XCBuildConfiguration;
			buildSettings = {
				ALWAYS_SEARCH_USER_PATHS = NO;
				CLANG_ANALYZER_NONNULL = YES;
				CLANG_ANALYZER_NUMBER_OBJECT_CONVERSION = YES_AGGRESSIVE;
				CLANG_CXX_LANGUAGE_STANDARD = "gnu++14";
				CLANG_CXX_LIBRARY = "libc++";
				CLANG_ENABLE_MODULES = YES;
				CLANG_ENABLE_OBJC_ARC = YES;
				CLANG_ENABLE_OBJC_WEAK = YES;
				CLANG_WARN_BLOCK_CAPTURE_AUTORELEASING = YES;
				CLANG_WARN_BOOL_CONVERSION = YES;
				CLANG_WARN_COMMA = YES;
				CLANG_WARN_CONSTANT_CONVERSION = YES;
				CLANG_WARN_DEPRECATED_OBJC_IMPLEMENTATIONS = YES;
				CLANG_WARN_DIRECT_OBJC_ISA_USAGE = YES_ERROR;
				CLANG_WARN_DOCUMENTATION_COMMENTS = YES;
				CLANG_WARN_EMPTY_BODY = YES;
				CLANG_WARN_ENUM_CONVERSION = YES;
				CLANG_WARN_INFINITE_RECURSION = YES;
				CLANG_WARN_INT_CONVERSION = YES;
				CLANG_WARN_NON_LITERAL_NULL_CONVERSION = YES;
				CLANG_WARN_OBJC_IMPLICIT_RETAIN_SELF = YES;
				CLANG_WARN_OBJC_LITERAL_CONVERSION = YES;
				CLANG_WARN_OBJC_ROOT_CLASS = YES_ERROR;
				CLANG_WARN_RANGE_LOOP_ANALYSIS = YES;
				CLANG_WARN_STRICT_PROTOTYPES = YES;
				CLANG_WARN_SUSPICIOUS_MOVE = YES;
				CLANG_WARN_UNGUARDED_AVAILABILITY = YES_AGGRESSIVE;
				CLANG_WARN_UNREACHABLE_CODE = YES;
				CLANG_WARN__DUPLICATE_METHOD_MATCH = YES;
				CODE_SIGN_IDENTITY = "iPhone Developer";
				COPY_PHASE_STRIP = NO;
				DEBUG_INFORMATION_FORMAT = "dwarf-with-dsym";
				ENABLE_NS_ASSERTIONS = NO;
				ENABLE_STRICT_OBJC_MSGSEND = YES;
				GCC_C_LANGUAGE_STANDARD = gnu11;
				GCC_NO_COMMON_BLOCKS = YES;
				GCC_WARN_64_TO_32_BIT_CONVERSION = YES;
				GCC_WARN_ABOUT_RETURN_TYPE = YES_ERROR;
				GCC_WARN_UNDECLARED_SELECTOR = YES;
				GCC_WARN_UNINITIALIZED_AUTOS = YES_AGGRESSIVE;
				GCC_WARN_UNUSED_FUNCTION = YES;
				GCC_WARN_UNUSED_VARIABLE = YES;
				IPHONEOS_DEPLOYMENT_TARGET = 11.4;
				MTL_ENABLE_DEBUG_INFO = NO;
				SDKROOT = iphoneos;
				VALIDATE_PRODUCT = YES;
			};
			name = Release;
		};
		A0DEAD882121714F0050EC0B /* Debug */ = {
			isa = XCBuildConfiguration;
			buildSettings = {
				ASSETCATALOG_COMPILER_APPICON_NAME = AppIcon;
				CODE_SIGN_STYLE = Automatic;
				INFOPLIST_FILE = YKW/Info.plist;
				LD_RUNPATH_SEARCH_PATHS = (
					"$(inherited)",
					"@executable_path/Frameworks",
				);
				PRODUCT_BUNDLE_IDENTIFIER = "com.gmail-youknowwholight.YKW";
				PRODUCT_NAME = "$(TARGET_NAME)";
				TARGETED_DEVICE_FAMILY = "1,2";
			};
			name = Debug;
		};
		A0DEAD892121714F0050EC0B /* Release */ = {
			isa = XCBuildConfiguration;
			buildSettings = {
				ASSETCATALOG_COMPILER_APPICON_NAME = AppIcon;
				CODE_SIGN_STYLE = Automatic;
				INFOPLIST_FILE = YKW/Info.plist;
				LD_RUNPATH_SEARCH_PATHS = (
					"$(inherited)",
					"@executable_path/Frameworks",
				);
				PRODUCT_BUNDLE_IDENTIFIER = "com.gmail-youknowwholight.YKW";
				PRODUCT_NAME = "$(TARGET_NAME)";
				TARGETED_DEVICE_FAMILY = "1,2";
			};
			name = Release;
		};
/* End XCBuildConfiguration section */

/* Begin XCConfigurationList section */
		A0DEAD6C2121714D0050EC0B /* Build configuration list for PBXProject "YKW" */ = {
			isa = XCConfigurationList;
			buildConfigurations = (
				A0DEAD852121714F0050EC0B /* Debug */,
				A0DEAD862121714F0050EC0B /* Release */,
			);
			defaultConfigurationIsVisible = 0;
			defaultConfigurationName = Release;
		};
		A0DEAD872121714F0050EC0B /* Build configuration list for PBXNativeTarget "YKW" */ = {
			isa = XCConfigurationList;
			buildConfigurations = (
				A0DEAD882121714F0050EC0B /* Debug */,
				A0DEAD892121714F0050EC0B /* Release */,
			);
			defaultConfigurationIsVisible = 0;
			defaultConfigurationName = Release;
		};
/* End XCConfigurationList section */
	};
	rootObject = A0DEAD692121714D0050EC0B /* Project object */;
}
